
Microsoft Visual Studio Solution File, Format Version 12.00
# Visual Studio Version 17
VisualStudioVersion = 17.11.35327.3
MinimumVisualStudioVersion = 10.0.40219.1
Project("{8BC9CEB8-8B4A-11D0-8D11-00A0C91BC942}") = "Program", "Program\Program.vcxproj", "{20FBA5C6-2705-4339-9E64-878191228085}"
EndProject
Project("{8BC9CEB8-8B4A-11D0-8D11-00A0C91BC942}") = "Class1th (Compile)", "Class1th (Compile)\Class1th (Compile).vcxproj", "{2EC4CB0C-BE65-441B-9EA1-4566CDA9FFA7}"
EndProject
Project("{8BC9CEB8-8B4A-11D0-8D11-00A0C91BC942}") = "Class2th (Variable)", "Class2th(Compile)\Class2th(Compile).vcxproj", "{1FF9B915-3883-47FD-A7E3-A3E3EE72A3D6}"
EndProject
Project("{8BC9CEB8-8B4A-11D0-8D11-00A0C91BC942}") = "Class3th (Bit)", "Class3th (bit)\Class3th (bit).vcxproj", "{CF5D5893-BC82-4CF0-9147-9247D8171DD8}"
EndProject
Project("{8BC9CEB8-8B4A-11D0-8D11-00A0C91BC942}") = "Class4th (Overflow & Underflow)", "Class4th\Class4th.vcxproj", "{EA5BFDA3-8191-4661-AEE8-A69DC516A760}"
EndProject
Project("{8BC9CEB8-8B4A-11D0-8D11-00A0C91BC942}") = "Class5th (Conditional Statement)", "Class5th (Conditional State)\Class5th (Conditional State).vcxproj", "{15B5FD2B-7EAA-4CCF-A369-5126E19BFB36}"
EndProject
Project("{8BC9CEB8-8B4A-11D0-8D11-00A0C91BC942}") = "Class6th (Type Conversion)", "Class6th (\Class6th (.vcxproj", "{F62DD2E3-0F5D-4C7A-87BC-C31A9D671F44}"
EndProject
Project("{8BC9CEB8-8B4A-11D0-8D11-00A0C91BC942}") = "Class7th (Iteration Statement)", "Class7th\Class7th.vcxproj", "{E436D316-455F-44A0-96E2-7FC2A1126BB3}"
EndProject
Project("{8BC9CEB8-8B4A-11D0-8D11-00A0C91BC942}") = "Class8th (pointer)", "Class8th (pointer)\Class8th (pointer).vcxproj", "{C9935BE9-6000-4165-B3B4-799D372DBAF1}"
EndProject
Project("{8BC9CEB8-8B4A-11D0-8D11-00A0C91BC942}") = "Class9th (Arrangement)", "Class9th\Class9th.vcxproj", "{17CD8CFB-4165-46E5-A284-90AD0BF7966F}"
EndProject
Global
	GlobalSection(SolutionConfigurationPlatforms) = preSolution
		Debug|x64 = Debug|x64
		Debug|x86 = Debug|x86
		Release|x64 = Release|x64
		Release|x86 = Release|x86
	EndGlobalSection
	GlobalSection(ProjectConfigurationPlatforms) = postSolution
		{20FBA5C6-2705-4339-9E64-878191228085}.Debug|x64.ActiveCfg = Debug|x64
		{20FBA5C6-2705-4339-9E64-878191228085}.Debug|x64.Build.0 = Debug|x64
		{20FBA5C6-2705-4339-9E64-878191228085}.Debug|x86.ActiveCfg = Debug|Win32
		{20FBA5C6-2705-4339-9E64-878191228085}.Debug|x86.Build.0 = Debug|Win32
		{20FBA5C6-2705-4339-9E64-878191228085}.Release|x64.ActiveCfg = Release|x64
		{20FBA5C6-2705-4339-9E64-878191228085}.Release|x64.Build.0 = Release|x64
		{20FBA5C6-2705-4339-9E64-878191228085}.Release|x86.ActiveCfg = Release|Win32
		{20FBA5C6-2705-4339-9E64-878191228085}.Release|x86.Build.0 = Release|Win32
		{2EC4CB0C-BE65-441B-9EA1-4566CDA9FFA7}.Debug|x64.ActiveCfg = Debug|x64
		{2EC4CB0C-BE65-441B-9EA1-4566CDA9FFA7}.Debug|x64.Build.0 = Debug|x64
		{2EC4CB0C-BE65-441B-9EA1-4566CDA9FFA7}.Debug|x86.ActiveCfg = Debug|Win32
		{2EC4CB0C-BE65-441B-9EA1-4566CDA9FFA7}.Debug|x86.Build.0 = Debug|Win32
		{2EC4CB0C-BE65-441B-9EA1-4566CDA9FFA7}.Release|x64.ActiveCfg = Release|x64
		{2EC4CB0C-BE65-441B-9EA1-4566CDA9FFA7}.Release|x64.Build.0 = Release|x64
		{2EC4CB0C-BE65-441B-9EA1-4566CDA9FFA7}.Release|x86.ActiveCfg = Release|Win32
		{2EC4CB0C-BE65-441B-9EA1-4566CDA9FFA7}.Release|x86.Build.0 = Release|Win32
		{1FF9B915-3883-47FD-A7E3-A3E3EE72A3D6}.Debug|x64.ActiveCfg = Debug|x64
		{1FF9B915-3883-47FD-A7E3-A3E3EE72A3D6}.Debug|x64.Build.0 = Debug|x64
		{1FF9B915-3883-47FD-A7E3-A3E3EE72A3D6}.Debug|x86.ActiveCfg = Debug|Win32
		{1FF9B915-3883-47FD-A7E3-A3E3EE72A3D6}.Debug|x86.Build.0 = Debug|Win32
		{1FF9B915-3883-47FD-A7E3-A3E3EE72A3D6}.Release|x64.ActiveCfg = Release|x64
		{1FF9B915-3883-47FD-A7E3-A3E3EE72A3D6}.Release|x64.Build.0 = Release|x64
		{1FF9B915-3883-47FD-A7E3-A3E3EE72A3D6}.Release|x86.ActiveCfg = Release|Win32
		{1FF9B915-3883-47FD-A7E3-A3E3EE72A3D6}.Release|x86.Build.0 = Release|Win32
		{CF5D5893-BC82-4CF0-9147-9247D8171DD8}.Debug|x64.ActiveCfg = Debug|x64
		{CF5D5893-BC82-4CF0-9147-9247D8171DD8}.Debug|x64.Build.0 = Debug|x64
		{CF5D5893-BC82-4CF0-9147-9247D8171DD8}.Debug|x86.ActiveCfg = Debug|Win32
		{CF5D5893-BC82-4CF0-9147-9247D8171DD8}.Debug|x86.Build.0 = Debug|Win32
		{CF5D5893-BC82-4CF0-9147-9247D8171DD8}.Release|x64.ActiveCfg = Release|x64
		{CF5D5893-BC82-4CF0-9147-9247D8171DD8}.Release|x64.Build.0 = Release|x64
		{CF5D5893-BC82-4CF0-9147-9247D8171DD8}.Release|x86.ActiveCfg = Release|Win32
		{CF5D5893-BC82-4CF0-9147-9247D8171DD8}.Release|x86.Build.0 = Release|Win32
		{EA5BFDA3-8191-4661-AEE8-A69DC516A760}.Debug|x64.ActiveCfg = Debug|x64
		{EA5BFDA3-8191-4661-AEE8-A69DC516A760}.Debug|x64.Build.0 = Debug|x64
		{EA5BFDA3-8191-4661-AEE8-A69DC516A760}.Debug|x86.ActiveCfg = Debug|Win32
		{EA5BFDA3-8191-4661-AEE8-A69DC516A760}.Debug|x86.Build.0 = Debug|Win32
		{EA5BFDA3-8191-4661-AEE8-A69DC516A760}.Release|x64.ActiveCfg = Release|x64
		{EA5BFDA3-8191-4661-AEE8-A69DC516A760}.Release|x64.Build.0 = Release|x64
		{EA5BFDA3-8191-4661-AEE8-A69DC516A760}.Release|x86.ActiveCfg = Release|Win32
		{EA5BFDA3-8191-4661-AEE8-A69DC516A760}.Release|x86.Build.0 = Release|Win32
		{15B5FD2B-7EAA-4CCF-A369-5126E19BFB36}.Debug|x64.ActiveCfg = Debug|x64
		{15B5FD2B-7EAA-4CCF-A369-5126E19BFB36}.Debug|x64.Build.0 = Debug|x64
		{15B5FD2B-7EAA-4CCF-A369-5126E19BFB36}.Debug|x86.ActiveCfg = Debug|Win32
		{15B5FD2B-7EAA-4CCF-A369-5126E19BFB36}.Debug|x86.Build.0 = Debug|Win32
		{15B5FD2B-7EAA-4CCF-A369-5126E19BFB36}.Release|x64.ActiveCfg = Release|x64
		{15B5FD2B-7EAA-4CCF-A369-5126E19BFB36}.Release|x64.Build.0 = Release|x64
		{15B5FD2B-7EAA-4CCF-A369-5126E19BFB36}.Release|x86.ActiveCfg = Release|Win32
		{15B5FD2B-7EAA-4CCF-A369-5126E19BFB36}.Release|x86.Build.0 = Release|Win32
		{F62DD2E3-0F5D-4C7A-87BC-C31A9D671F44}.Debug|x64.ActiveCfg = Debug|x64
		{F62DD2E3-0F5D-4C7A-87BC-C31A9D671F44}.Debug|x64.Build.0 = Debug|x64
		{F62DD2E3-0F5D-4C7A-87BC-C31A9D671F44}.Debug|x86.ActiveCfg = Debug|Win32
		{F62DD2E3-0F5D-4C7A-87BC-C31A9D671F44}.Debug|x86.Build.0 = Debug|Win32
		{F62DD2E3-0F5D-4C7A-87BC-C31A9D671F44}.Release|x64.ActiveCfg = Release|x64
		{F62DD2E3-0F5D-4C7A-87BC-C31A9D671F44}.Release|x64.Build.0 = Release|x64
		{F62DD2E3-0F5D-4C7A-87BC-C31A9D671F44}.Release|x86.ActiveCfg = Release|Win32
		{F62DD2E3-0F5D-4C7A-87BC-C31A9D671F44}.Release|x86.Build.0 = Release|Win32
		{E436D316-455F-44A0-96E2-7FC2A1126BB3}.Debug|x64.ActiveCfg = Debug|x64
		{E436D316-455F-44A0-96E2-7FC2A1126BB3}.Debug|x64.Build.0 = Debug|x64
		{E436D316-455F-44A0-96E2-7FC2A1126BB3}.Debug|x86.ActiveCfg = Debug|Win32
		{E436D316-455F-44A0-96E2-7FC2A1126BB3}.Debug|x86.Build.0 = Debug|Win32
		{E436D316-455F-44A0-96E2-7FC2A1126BB3}.Release|x64.ActiveCfg = Release|x64
		{E436D316-455F-44A0-96E2-7FC2A1126BB3}.Release|x64.Build.0 = Release|x64
		{E436D316-455F-44A0-96E2-7FC2A1126BB3}.Release|x86.ActiveCfg = Release|Win32
		{E436D316-455F-44A0-96E2-7FC2A1126BB3}.Release|x86.Build.0 = Release|Win32
		{C9935BE9-6000-4165-B3B4-799D372DBAF1}.Debug|x64.ActiveCfg = Debug|x64
		{C9935BE9-6000-4165-B3B4-799D372DBAF1}.Debug|x64.Build.0 = Debug|x64
		{C9935BE9-6000-4165-B3B4-799D372DBAF1}.Debug|x86.ActiveCfg = Debug|Win32
		{C9935BE9-6000-4165-B3B4-799D372DBAF1}.Debug|x86.Build.0 = Debug|Win32
		{C9935BE9-6000-4165-B3B4-799D372DBAF1}.Release|x64.ActiveCfg = Release|x64
		{C9935BE9-6000-4165-B3B4-799D372DBAF1}.Release|x64.Build.0 = Release|x64
		{C9935BE9-6000-4165-B3B4-799D372DBAF1}.Release|x86.ActiveCfg = Release|Win32
		{C9935BE9-6000-4165-B3B4-799D372DBAF1}.Release|x86.Build.0 = Release|Win32
		{17CD8CFB-4165-46E5-A284-90AD0BF7966F}.Debug|x64.ActiveCfg = Debug|x64
		{17CD8CFB-4165-46E5-A284-90AD0BF7966F}.Debug|x64.Build.0 = Debug|x64
		{17CD8CFB-4165-46E5-A284-90AD0BF7966F}.Debug|x86.ActiveCfg = Debug|Win32
		{17CD8CFB-4165-46E5-A284-90AD0BF7966F}.Debug|x86.Build.0 = Debug|Win32
		{17CD8CFB-4165-46E5-A284-90AD0BF7966F}.Release|x64.ActiveCfg = Release|x64
		{17CD8CFB-4165-46E5-A284-90AD0BF7966F}.Release|x64.Build.0 = Release|x64
		{17CD8CFB-4165-46E5-A284-90AD0BF7966F}.Release|x86.ActiveCfg = Release|Win32
		{17CD8CFB-4165-46E5-A284-90AD0BF7966F}.Release|x86.Build.0 = Release|Win32
	EndGlobalSection
	GlobalSection(SolutionProperties) = preSolution
		HideSolutionNode = FALSE
	EndGlobalSection
	GlobalSection(ExtensibilityGlobals) = postSolution
		SolutionGuid = {7953A093-52B2-48BB-AF26-BFB5EE20CB70}
	EndGlobalSection
EndGlobal
