
Microsoft Visual Studio Solution File, Format Version 12.00
# Visual Studio Version 17
VisualStudioVersion = 17.11.35327.3
MinimumVisualStudioVersion = 10.0.40219.1
Project("{8BC9CEB8-8B4A-11D0-8D11-00A0C91BC942}") = "Program", "Program\Program.vcxproj", "{20FBA5C6-2705-4339-9E64-878191228085}"
EndProject
Project("{8BC9CEB8-8B4A-11D0-8D11-00A0C91BC942}") = "Class1th (Compile)", "Class1th (Compile)\Class1th (Compile).vcxproj", "{2EC4CB0C-BE65-441B-9EA1-4566CDA9FFA7}"
EndProject
Project("{8BC9CEB8-8B4A-11D0-8D11-00A0C91BC942}") = "Class2th (Variable)", "Class2th(Compile)\Class2th(Compile).vcxproj", "{1FF9B915-3883-47FD-A7E3-A3E3EE72A3D6}"
EndProject
Project("{8BC9CEB8-8B4A-11D0-8D11-00A0C91BC942}") = "Class3th (bit)", "Class3th (bit)\Class3th (bit).vcxproj", "{CF5D5893-BC82-4CF0-9147-9247D8171DD8}"
EndProject
Global
	GlobalSection(SolutionConfigurationPlatforms) = preSolution
		Debug|x64 = Debug|x64
		Debug|x86 = Debug|x86
		Release|x64 = Release|x64
		Release|x86 = Release|x86
	EndGlobalSection
	GlobalSection(ProjectConfigurationPlatforms) = postSolution
		{20FBA5C6-2705-4339-9E64-878191228085}.Debug|x64.ActiveCfg = Debug|x64
		{20FBA5C6-2705-4339-9E64-878191228085}.Debug|x64.Build.0 = Debug|x64
		{20FBA5C6-2705-4339-9E64-878191228085}.Debug|x86.ActiveCfg = Debug|Win32
		{20FBA5C6-2705-4339-9E64-878191228085}.Debug|x86.Build.0 = Debug|Win32
		{20FBA5C6-2705-4339-9E64-878191228085}.Release|x64.ActiveCfg = Release|x64
		{20FBA5C6-2705-4339-9E64-878191228085}.Release|x64.Build.0 = Release|x64
		{20FBA5C6-2705-4339-9E64-878191228085}.Release|x86.ActiveCfg = Release|Win32
		{20FBA5C6-2705-4339-9E64-878191228085}.Release|x86.Build.0 = Release|Win32
		{2EC4CB0C-BE65-441B-9EA1-4566CDA9FFA7}.Debug|x64.ActiveCfg = Debug|x64
		{2EC4CB0C-BE65-441B-9EA1-4566CDA9FFA7}.Debug|x64.Build.0 = Debug|x64
		{2EC4CB0C-BE65-441B-9EA1-4566CDA9FFA7}.Debug|x86.ActiveCfg = Debug|Win32
		{2EC4CB0C-BE65-441B-9EA1-4566CDA9FFA7}.Debug|x86.Build.0 = Debug|Win32
		{2EC4CB0C-BE65-441B-9EA1-4566CDA9FFA7}.Release|x64.ActiveCfg = Release|x64
		{2EC4CB0C-BE65-441B-9EA1-4566CDA9FFA7}.Release|x64.Build.0 = Release|x64
		{2EC4CB0C-BE65-441B-9EA1-4566CDA9FFA7}.Release|x86.ActiveCfg = Release|Win32
		{2EC4CB0C-BE65-441B-9EA1-4566CDA9FFA7}.Release|x86.Build.0 = Release|Win32
		{1FF9B915-3883-47FD-A7E3-A3E3EE72A3D6}.Debug|x64.ActiveCfg = Debug|x64
		{1FF9B915-3883-47FD-A7E3-A3E3EE72A3D6}.Debug|x64.Build.0 = Debug|x64
		{1FF9B915-3883-47FD-A7E3-A3E3EE72A3D6}.Debug|x86.ActiveCfg = Debug|Win32
		{1FF9B915-3883-47FD-A7E3-A3E3EE72A3D6}.Debug|x86.Build.0 = Debug|Win32
		{1FF9B915-3883-47FD-A7E3-A3E3EE72A3D6}.Release|x64.ActiveCfg = Release|x64
		{1FF9B915-3883-47FD-A7E3-A3E3EE72A3D6}.Release|x64.Build.0 = Release|x64
		{1FF9B915-3883-47FD-A7E3-A3E3EE72A3D6}.Release|x86.ActiveCfg = Release|Win32
		{1FF9B915-3883-47FD-A7E3-A3E3EE72A3D6}.Release|x86.Build.0 = Release|Win32
		{CF5D5893-BC82-4CF0-9147-9247D8171DD8}.Debug|x64.ActiveCfg = Debug|x64
		{CF5D5893-BC82-4CF0-9147-9247D8171DD8}.Debug|x64.Build.0 = Debug|x64
		{CF5D5893-BC82-4CF0-9147-9247D8171DD8}.Debug|x86.ActiveCfg = Debug|Win32
		{CF5D5893-BC82-4CF0-9147-9247D8171DD8}.Debug|x86.Build.0 = Debug|Win32
		{CF5D5893-BC82-4CF0-9147-9247D8171DD8}.Release|x64.ActiveCfg = Release|x64
		{CF5D5893-BC82-4CF0-9147-9247D8171DD8}.Release|x64.Build.0 = Release|x64
		{CF5D5893-BC82-4CF0-9147-9247D8171DD8}.Release|x86.ActiveCfg = Release|Win32
		{CF5D5893-BC82-4CF0-9147-9247D8171DD8}.Release|x86.Build.0 = Release|Win32
	EndGlobalSection
	GlobalSection(SolutionProperties) = preSolution
		HideSolutionNode = FALSE
	EndGlobalSection
	GlobalSection(ExtensibilityGlobals) = postSolution
		SolutionGuid = {7953A093-52B2-48BB-AF26-BFB5EE20CB70}
	EndGlobalSection
EndGlobal
